// !$*UTF8*$!
{
	archiveVersion = 1;
	classes = {
	};
	objectVersion = 56;
	objects = {

/* Begin PBXBuildFile section */
		5E0E28592C7CF24B003A5160 /* CAProjectApp.swift in Sources */ = {isa = PBXBuildFile; fileRef = 5E0E28582C7CF24B003A5160 /* CAProjectApp.swift */; };
		5E0E285B2C7CF24B003A5160 /* ContentView.swift in Sources */ = {isa = PBXBuildFile; fileRef = 5E0E285A2C7CF24B003A5160 /* ContentView.swift */; };
		5E0E285D2C7CF24E003A5160 /* Assets.xcassets in Resources */ = {isa = PBXBuildFile; fileRef = 5E0E285C2C7CF24E003A5160 /* Assets.xcassets */; };
		5E0E28602C7CF24E003A5160 /* Preview Assets.xcassets in Resources */ = {isa = PBXBuildFile; fileRef = 5E0E285F2C7CF24E003A5160 /* Preview Assets.xcassets */; };
		5E0E286A2C7CF24E003A5160 /* CAProjectTests.swift in Sources */ = {isa = PBXBuildFile; fileRef = 5E0E28692C7CF24E003A5160 /* CAProjectTests.swift */; };
		5E0E28742C7CF24E003A5160 /* CAProjectUITests.swift in Sources */ = {isa = PBXBuildFile; fileRef = 5E0E28732C7CF24E003A5160 /* CAProjectUITests.swift */; };
		5E0E28762C7CF24E003A5160 /* CAProjectUITestsLaunchTests.swift in Sources */ = {isa = PBXBuildFile; fileRef = 5E0E28752C7CF24E003A5160 /* CAProjectUITestsLaunchTests.swift */; };
/* End PBXBuildFile section */

/* Begin PBXContainerItemProxy section */
		5E0E28662C7CF24E003A5160 /* PBXContainerItemProxy */ = {
			isa = PBXContainerItemProxy;
			containerPortal = 5E0E284D2C7CF24B003A5160 /* Project object */;
			proxyType = 1;
			remoteGlobalIDString = 5E0E28542C7CF24B003A5160;
			remoteInfo = CAProject;
		};
		5E0E28702C7CF24E003A5160 /* PBXContainerItemProxy */ = {
			isa = PBXContainerItemProxy;
			containerPortal = 5E0E284D2C7CF24B003A5160 /* Project object */;
			proxyType = 1;
			remoteGlobalIDString = 5E0E28542C7CF24B003A5160;
			remoteInfo = CAProject;
		};
/* End PBXContainerItemProxy section */

/* Begin PBXFileReference section */
		5E0E28552C7CF24B003A5160 /* CAProject.app */ = {isa = PBXFileReference; explicitFileType = wrapper.application; includeInIndex = 0; path = CAProject.app; sourceTree = BUILT_PRODUCTS_DIR; };
		5E0E28582C7CF24B003A5160 /* CAProjectApp.swift */ = {isa = PBXFileReference; lastKnownFileType = sourcecode.swift; path = CAProjectApp.swift; sourceTree = "<group>"; };
		5E0E285A2C7CF24B003A5160 /* ContentView.swift */ = {isa = PBXFileReference; lastKnownFileType = sourcecode.swift; path = ContentView.swift; sourceTree = "<group>"; };
		5E0E285C2C7CF24E003A5160 /* Assets.xcassets */ = {isa = PBXFileReference; lastKnownFileType = folder.assetcatalog; path = Assets.xcassets; sourceTree = "<group>"; };
		5E0E285F2C7CF24E003A5160 /* Preview Assets.xcassets */ = {isa = PBXFileReference; lastKnownFileType = folder.assetcatalog; path = "Preview Assets.xcassets"; sourceTree = "<group>"; };
		5E0E28652C7CF24E003A5160 /* CAProjectTests.xctest */ = {isa = PBXFileReference; explicitFileType = wrapper.cfbundle; includeInIndex = 0; path = CAProjectTests.xctest; sourceTree = BUILT_PRODUCTS_DIR; };
		5E0E28692C7CF24E003A5160 /* CAProjectTests.swift */ = {isa = PBXFileReference; lastKnownFileType = sourcecode.swift; path = CAProjectTests.swift; sourceTree = "<group>"; };
		5E0E286F2C7CF24E003A5160 /* CAProjectUITests.xctest */ = {isa = PBXFileReference; explicitFileType = wrapper.cfbundle; includeInIndex = 0; path = CAProjectUITests.xctest; sourceTree = BUILT_PRODUCTS_DIR; };
		5E0E28732C7CF24E003A5160 /* CAProjectUITests.swift */ = {isa = PBXFileReference; lastKnownFileType = sourcecode.swift; path = CAProjectUITests.swift; sourceTree = "<group>"; };
		5E0E28752C7CF24E003A5160 /* CAProjectUITestsLaunchTests.swift */ = {isa = PBXFileReference; lastKnownFileType = sourcecode.swift; path = CAProjectUITestsLaunchTests.swift; sourceTree = "<group>"; };
/* End PBXFileReference section */

/* Begin PBXFrameworksBuildPhase section */
		5E0E28522C7CF24B003A5160 /* Frameworks */ = {
			isa = PBXFrameworksBuildPhase;
			buildActionMask = 2147483647;
			files = (
			);
			runOnlyForDeploymentPostprocessing = 0;
		};
		5E0E28622C7CF24E003A5160 /* Frameworks */ = {
			isa = PBXFrameworksBuildPhase;
			buildActionMask = 2147483647;
			files = (
			);
			runOnlyForDeploymentPostprocessing = 0;
		};
		5E0E286C2C7CF24E003A5160 /* Frameworks */ = {
			isa = PBXFrameworksBuildPhase;
			buildActionMask = 2147483647;
			files = (
			);
			runOnlyForDeploymentPostprocessing = 0;
		};
/* End PBXFrameworksBuildPhase section */

/* Begin PBXGroup section */
		5E0E284C2C7CF24B003A5160 = {
			isa = PBXGroup;
			children = (
				5E0E28572C7CF24B003A5160 /* CAProject */,
				5E0E28682C7CF24E003A5160 /* CAProjectTests */,
				5E0E28722C7CF24E003A5160 /* CAProjectUITests */,
				5E0E28562C7CF24B003A5160 /* Products */,
			);
			sourceTree = "<group>";
		};
		5E0E28562C7CF24B003A5160 /* Products */ = {
			isa = PBXGroup;
			children = (
				5E0E28552C7CF24B003A5160 /* CAProject.app */,
				5E0E28652C7CF24E003A5160 /* CAProjectTests.xctest */,
				5E0E286F2C7CF24E003A5160 /* CAProjectUITests.xctest */,
			);
			name = Products;
			sourceTree = "<group>";
		};
		5E0E28572C7CF24B003A5160 /* CAProject */ = {
			isa = PBXGroup;
			children = (
				5E0E28582C7CF24B003A5160 /* CAProjectApp.swift */,
				5E0E285A2C7CF24B003A5160 /* ContentView.swift */,
				5E0E285C2C7CF24E003A5160 /* Assets.xcassets */,
				5E0E285E2C7CF24E003A5160 /* Preview Content */,
			);
			path = CAProject;
			sourceTree = "<group>";
		};
		5E0E285E2C7CF24E003A5160 /* Preview Content */ = {
			isa = PBXGroup;
			children = (
				5E0E285F2C7CF24E003A5160 /* Preview Assets.xcassets */,
			);
			path = "Preview Content";
			sourceTree = "<group>";
		};
		5E0E28682C7CF24E003A5160 /* CAProjectTests */ = {
			isa = PBXGroup;
			children = (
				5E0E28692C7CF24E003A5160 /* CAProjectTests.swift */,
			);
			path = CAProjectTests;
			sourceTree = "<group>";
		};
		5E0E28722C7CF24E003A5160 /* CAProjectUITests */ = {
			isa = PBXGroup;
			children = (
				5E0E28732C7CF24E003A5160 /* CAProjectUITests.swift */,
				5E0E28752C7CF24E003A5160 /* CAProjectUITestsLaunchTests.swift */,
			);
			path = CAProjectUITests;
			sourceTree = "<group>";
		};
/* End PBXGroup section */

/* Begin PBXNativeTarget section */
		5E0E28542C7CF24B003A5160 /* CAProject */ = {
			isa = PBXNativeTarget;
			buildConfigurationList = 5E0E28792C7CF24E003A5160 /* Build configuration list for PBXNativeTarget "CAProject" */;
			buildPhases = (
				5E0E28512C7CF24B003A5160 /* Sources */,
				5E0E28522C7CF24B003A5160 /* Frameworks */,
				5E0E28532C7CF24B003A5160 /* Resources */,
			);
			buildRules = (
			);
			dependencies = (
			);
			name = CAProject;
			productName = CAProject;
			productReference = 5E0E28552C7CF24B003A5160 /* CAProject.app */;
			productType = "com.apple.product-type.application";
		};
		5E0E28642C7CF24E003A5160 /* CAProjectTests */ = {
			isa = PBXNativeTarget;
			buildConfigurationList = 5E0E287C2C7CF24E003A5160 /* Build configuration list for PBXNativeTarget "CAProjectTests" */;
			buildPhases = (
				5E0E28612C7CF24E003A5160 /* Sources */,
				5E0E28622C7CF24E003A5160 /* Frameworks */,
				5E0E28632C7CF24E003A5160 /* Resources */,
			);
			buildRules = (
			);
			dependencies = (
				5E0E28672C7CF24E003A5160 /* PBXTargetDependency */,
			);
			name = CAProjectTests;
			productName = CAProjectTests;
			productReference = 5E0E28652C7CF24E003A5160 /* CAProjectTests.xctest */;
			productType = "com.apple.product-type.bundle.unit-test";
		};
		5E0E286E2C7CF24E003A5160 /* CAProjectUITests */ = {
			isa = PBXNativeTarget;
			buildConfigurationList = 5E0E287F2C7CF24E003A5160 /* Build configuration list for PBXNativeTarget "CAProjectUITests" */;
			buildPhases = (
				5E0E286B2C7CF24E003A5160 /* Sources */,
				5E0E286C2C7CF24E003A5160 /* Frameworks */,
				5E0E286D2C7CF24E003A5160 /* Resources */,
			);
			buildRules = (
			);
			dependencies = (
				5E0E28712C7CF24E003A5160 /* PBXTargetDependency */,
			);
			name = CAProjectUITests;
			productName = CAProjectUITests;
			productReference = 5E0E286F2C7CF24E003A5160 /* CAProjectUITests.xctest */;
			productType = "com.apple.product-type.bundle.ui-testing";
		};
/* End PBXNativeTarget section */

/* Begin PBXProject section */
		5E0E284D2C7CF24B003A5160 /* Project object */ = {
			isa = PBXProject;
			attributes = {
				BuildIndependentTargetsInParallel = 1;
				LastSwiftUpdateCheck = 1540;
				LastUpgradeCheck = 1540;
				TargetAttributes = {
					5E0E28542C7CF24B003A5160 = {
						CreatedOnToolsVersion = 15.4;
					};
					5E0E28642C7CF24E003A5160 = {
						CreatedOnToolsVersion = 15.4;
						TestTargetID = 5E0E28542C7CF24B003A5160;
					};
					5E0E286E2C7CF24E003A5160 = {
						CreatedOnToolsVersion = 15.4;
						TestTargetID = 5E0E28542C7CF24B003A5160;
					};
				};
			};
			buildConfigurationList = 5E0E28502C7CF24B003A5160 /* Build configuration list for PBXProject "CAProject" */;
			compatibilityVersion = "Xcode 14.0";
			developmentRegion = en;
			hasScannedForEncodings = 0;
			knownRegions = (
				en,
				Base,
			);
			mainGroup = 5E0E284C2C7CF24B003A5160;
			productRefGroup = 5E0E28562C7CF24B003A5160 /* Products */;
			projectDirPath = "";
			projectRoot = "";
			targets = (
				5E0E28542C7CF24B003A5160 /* CAProject */,
				5E0E28642C7CF24E003A5160 /* CAProjectTests */,
				5E0E286E2C7CF24E003A5160 /* CAProjectUITests */,
			);
		};
/* End PBXProject section */

/* Begin PBXResourcesBuildPhase section */
		5E0E28532C7CF24B003A5160 /* Resources */ = {
			isa = PBXResourcesBuildPhase;
			buildActionMask = 2147483647;
			files = (
				5E0E28602C7CF24E003A5160 /* Preview Assets.xcassets in Resources */,
				5E0E285D2C7CF24E003A5160 /* Assets.xcassets in Resources */,
			);
			runOnlyForDeploymentPostprocessing = 0;
		};
		5E0E28632C7CF24E003A5160 /* Resources */ = {
			isa = PBXResourcesBuildPhase;
			buildActionMask = 2147483647;
			files = (
			);
			runOnlyForDeploymentPostprocessing = 0;
		};
		5E0E286D2C7CF24E003A5160 /* Resources */ = {
			isa = PBXResourcesBuildPhase;
			buildActionMask = 2147483647;
			files = (
			);
			runOnlyForDeploymentPostprocessing = 0;
		};
/* End PBXResourcesBuildPhase section */

/* Begin PBXSourcesBuildPhase section */
		5E0E28512C7CF24B003A5160 /* Sources */ = {
			isa = PBXSourcesBuildPhase;
			buildActionMask = 2147483647;
			files = (
				5E0E285B2C7CF24B003A5160 /* ContentView.swift in Sources */,
				5E0E28592C7CF24B003A5160 /* CAProjectApp.swift in Sources */,
			);
			runOnlyForDeploymentPostprocessing = 0;
		};
		5E0E28612C7CF24E003A5160 /* Sources */ = {
			isa = PBXSourcesBuildPhase;
			buildActionMask = 2147483647;
			files = (
				5E0E286A2C7CF24E003A5160 /* CAProjectTests.swift in Sources */,
			);
			runOnlyForDeploymentPostprocessing = 0;
		};
		5E0E286B2C7CF24E003A5160 /* Sources */ = {
			isa = PBXSourcesBuildPhase;
			buildActionMask = 2147483647;
			files = (
				5E0E28762C7CF24E003A5160 /* CAProjectUITestsLaunchTests.swift in Sources */,
				5E0E28742C7CF24E003A5160 /* CAProjectUITests.swift in Sources */,
			);
			runOnlyForDeploymentPostprocessing = 0;
		};
/* End PBXSourcesBuildPhase section */

/* Begin PBXTargetDependency section */
		5E0E28672C7CF24E003A5160 /* PBXTargetDependency */ = {
			isa = PBXTargetDependency;
			target = 5E0E28542C7CF24B003A5160 /* CAProject */;
			targetProxy = 5E0E28662C7CF24E003A5160 /* PBXContainerItemProxy */;
		};
		5E0E28712C7CF24E003A5160 /* PBXTargetDependency */ = {
			isa = PBXTargetDependency;
			target = 5E0E28542C7CF24B003A5160 /* CAProject */;
			targetProxy = 5E0E28702C7CF24E003A5160 /* PBXContainerItemProxy */;
		};
/* End PBXTargetDependency section */

/* Begin XCBuildConfiguration section */
		5E0E28772C7CF24E003A5160 /* Debug */ = {
			isa = XCBuildConfiguration;
			buildSettings = {
				ALWAYS_SEARCH_USER_PATHS = NO;
				ASSETCATALOG_COMPILER_GENERATE_SWIFT_ASSET_SYMBOL_EXTENSIONS = YES;
				CLANG_ANALYZER_NONNULL = YES;
				CLANG_ANALYZER_NUMBER_OBJECT_CONVERSION = YES_AGGRESSIVE;
				CLANG_CXX_LANGUAGE_STANDARD = "gnu++20";
				CLANG_ENABLE_MODULES = YES;
				CLANG_ENABLE_OBJC_ARC = YES;
				CLANG_ENABLE_OBJC_WEAK = YES;
				CLANG_WARN_BLOCK_CAPTURE_AUTORELEASING = YES;
				CLANG_WARN_BOOL_CONVERSION = YES;
				CLANG_WARN_COMMA = YES;
				CLANG_WARN_CONSTANT_CONVERSION = YES;
				CLANG_WARN_DEPRECATED_OBJC_IMPLEMENTATIONS = YES;
				CLANG_WARN_DIRECT_OBJC_ISA_USAGE = YES_ERROR;
				CLANG_WARN_DOCUMENTATION_COMMENTS = YES;
				CLANG_WARN_EMPTY_BODY = YES;
				CLANG_WARN_ENUM_CONVERSION = YES;
				CLANG_WARN_INFINITE_RECURSION = YES;
				CLANG_WARN_INT_CONVERSION = YES;
				CLANG_WARN_NON_LITERAL_NULL_CONVERSION = YES;
				CLANG_WARN_OBJC_IMPLICIT_RETAIN_SELF = YES;
				CLANG_WARN_OBJC_LITERAL_CONVERSION = YES;
				CLANG_WARN_OBJC_ROOT_CLASS = YES_ERROR;
				CLANG_WARN_QUOTED_INCLUDE_IN_FRAMEWORK_HEADER = YES;
				CLANG_WARN_RANGE_LOOP_ANALYSIS = YES;
				CLANG_WARN_STRICT_PROTOTYPES = YES;
				CLANG_WARN_SUSPICIOUS_MOVE = YES;
				CLANG_WARN_UNGUARDED_AVAILABILITY = YES_AGGRESSIVE;
				CLANG_WARN_UNREACHABLE_CODE = YES;
				CLANG_WARN__DUPLICATE_METHOD_MATCH = YES;
				COPY_PHASE_STRIP = NO;
				DEBUG_INFORMATION_FORMAT = dwarf;
				ENABLE_STRICT_OBJC_MSGSEND = YES;
				ENABLE_TESTABILITY = YES;
				ENABLE_USER_SCRIPT_SANDBOXING = YES;
				GCC_C_LANGUAGE_STANDARD = gnu17;
				GCC_DYNAMIC_NO_PIC = NO;
				GCC_NO_COMMON_BLOCKS = YES;
				GCC_OPTIMIZATION_LEVEL = 0;
				GCC_PREPROCESSOR_DEFINITIONS = (
					"DEBUG=1",
					"$(inherited)",
				);
				GCC_WARN_64_TO_32_BIT_CONVERSION = YES;
				GCC_WARN_ABOUT_RETURN_TYPE = YES_ERROR;
				GCC_WARN_UNDECLARED_SELECTOR = YES;
				GCC_WARN_UNINITIALIZED_AUTOS = YES_AGGRESSIVE;
				GCC_WARN_UNUSED_FUNCTION = YES;
				GCC_WARN_UNUSED_VARIABLE = YES;
				IPHONEOS_DEPLOYMENT_TARGET = 17.5;
				LOCALIZATION_PREFERS_STRING_CATALOGS = YES;
				MTL_ENABLE_DEBUG_INFO = INCLUDE_SOURCE;
				MTL_FAST_MATH = YES;
				ONLY_ACTIVE_ARCH = YES;
				SDKROOT = iphoneos;
				SWIFT_ACTIVE_COMPILATION_CONDITIONS = "DEBUG $(inherited)";
				SWIFT_OPTIMIZATION_LEVEL = "-Onone";
			};
			name = Debug;
		};
		5E0E28782C7CF24E003A5160 /* Release */ = {
			isa = XCBuildConfiguration;
			buildSettings = {
				ALWAYS_SEARCH_USER_PATHS = NO;
				ASSETCATALOG_COMPILER_GENERATE_SWIFT_ASSET_SYMBOL_EXTENSIONS = YES;
				CLANG_ANALYZER_NONNULL = YES;
				CLANG_ANALYZER_NUMBER_OBJECT_CONVERSION = YES_AGGRESSIVE;
				CLANG_CXX_LANGUAGE_STANDARD = "gnu++20";
				CLANG_ENABLE_MODULES = YES;
				CLANG_ENABLE_OBJC_ARC = YES;
				CLANG_ENABLE_OBJC_WEAK = YES;
				CLANG_WARN_BLOCK_CAPTURE_AUTORELEASING = YES;
				CLANG_WARN_BOOL_CONVERSION = YES;
				CLANG_WARN_COMMA = YES;
				CLANG_WARN_CONSTANT_CONVERSION = YES;
				CLANG_WARN_DEPRECATED_OBJC_IMPLEMENTATIONS = YES;
				CLANG_WARN_DIRECT_OBJC_ISA_USAGE = YES_ERROR;
				CLANG_WARN_DOCUMENTATION_COMMENTS = YES;
				CLANG_WARN_EMPTY_BODY = YES;
				CLANG_WARN_ENUM_CONVERSION = YES;
				CLANG_WARN_INFINITE_RECURSION = YES;
				CLANG_WARN_INT_CONVERSION = YES;
				CLANG_WARN_NON_LITERAL_NULL_CONVERSION = YES;
				CLANG_WARN_OBJC_IMPLICIT_RETAIN_SELF = YES;
				CLANG_WARN_OBJC_LITERAL_CONVERSION = YES;
				CLANG_WARN_OBJC_ROOT_CLASS = YES_ERROR;
				CLANG_WARN_QUOTED_INCLUDE_IN_FRAMEWORK_HEADER = YES;
				CLANG_WARN_RANGE_LOOP_ANALYSIS = YES;
				CLANG_WARN_STRICT_PROTOTYPES = YES;
				CLANG_WARN_SUSPICIOUS_MOVE = YES;
				CLANG_WARN_UNGUARDED_AVAILABILITY = YES_AGGRESSIVE;
				CLANG_WARN_UNREACHABLE_CODE = YES;
				CLANG_WARN__DUPLICATE_METHOD_MATCH = YES;
				COPY_PHASE_STRIP = NO;
				DEBUG_INFORMATION_FORMAT = "dwarf-with-dsym";
				ENABLE_NS_ASSERTIONS = NO;
				ENABLE_STRICT_OBJC_MSGSEND = YES;
				ENABLE_USER_SCRIPT_SANDBOXING = YES;
				GCC_C_LANGUAGE_STANDARD = gnu17;
				GCC_NO_COMMON_BLOCKS = YES;
				GCC_WARN_64_TO_32_BIT_CONVERSION = YES;
				GCC_WARN_ABOUT_RETURN_TYPE = YES_ERROR;
				GCC_WARN_UNDECLARED_SELECTOR = YES;
				GCC_WARN_UNINITIALIZED_AUTOS = YES_AGGRESSIVE;
				GCC_WARN_UNUSED_FUNCTION = YES;
				GCC_WARN_UNUSED_VARIABLE = YES;
				IPHONEOS_DEPLOYMENT_TARGET = 17.5;
				LOCALIZATION_PREFERS_STRING_CATALOGS = YES;
				MTL_ENABLE_DEBUG_INFO = NO;
				MTL_FAST_MATH = YES;
				SDKROOT = iphoneos;
				SWIFT_COMPILATION_MODE = wholemodule;
				VALIDATE_PRODUCT = YES;
			};
			name = Release;
		};
		5E0E287A2C7CF24E003A5160 /* Debug */ = {
			isa = XCBuildConfiguration;
			buildSettings = {
				ASSETCATALOG_COMPILER_APPICON_NAME = AppIcon;
				ASSETCATALOG_COMPILER_GLOBAL_ACCENT_COLOR_NAME = AccentColor;
				CODE_SIGN_STYLE = Automatic;
				CURRENT_PROJECT_VERSION = 1;
				DEVELOPMENT_ASSET_PATHS = "\"CAProject/Preview Content\"";
				ENABLE_PREVIEWS = YES;
				GENERATE_INFOPLIST_FILE = YES;
				INFOPLIST_KEY_UIApplicationSceneManifest_Generation = YES;
				INFOPLIST_KEY_UIApplicationSupportsIndirectInputEvents = YES;
				INFOPLIST_KEY_UILaunchScreen_Generation = YES;
				INFOPLIST_KEY_UISupportedInterfaceOrientations_iPad = "UIInterfaceOrientationPortrait UIInterfaceOrientationPortraitUpsideDown UIInterfaceOrientationLandscapeLeft UIInterfaceOrientationLandscapeRight";
				INFOPLIST_KEY_UISupportedInterfaceOrientations_iPhone = "UIInterfaceOrientationPortrait UIInterfaceOrientationLandscapeLeft UIInterfaceOrientationLandscapeRight";
				LD_RUNPATH_SEARCH_PATHS = (
					"$(inherited)",
					"@executable_path/Frameworks",
				);
				MARKETING_VERSION = 1.0;
				PRODUCT_BUNDLE_IDENTIFIER = "florencio.gallegos-enhanceIT.net.CAProject";
				PRODUCT_NAME = "$(TARGET_NAME)";
				SWIFT_EMIT_LOC_STRINGS = YES;
				SWIFT_VERSION = 5.0;
				TARGETED_DEVICE_FAMILY = "1,2";
			};
			name = Debug;
		};
		5E0E287B2C7CF24E003A5160 /* Release */ = {
			isa = XCBuildConfiguration;
			buildSettings = {
				ASSETCATALOG_COMPILER_APPICON_NAME = AppIcon;
				ASSETCATALOG_COMPILER_GLOBAL_ACCENT_COLOR_NAME = AccentColor;
				CODE_SIGN_STYLE = Automatic;
				CURRENT_PROJECT_VERSION = 1;
				DEVELOPMENT_ASSET_PATHS = "\"CAProject/Preview Content\"";
				ENABLE_PREVIEWS = YES;
				GENERATE_INFOPLIST_FILE = YES;
				INFOPLIST_KEY_UIApplicationSceneManifest_Generation = YES;
				INFOPLIST_KEY_UIApplicationSupportsIndirectInputEvents = YES;
				INFOPLIST_KEY_UILaunchScreen_Generation = YES;
				INFOPLIST_KEY_UISupportedInterfaceOrientations_iPad = "UIInterfaceOrientationPortrait UIInterfaceOrientationPortraitUpsideDown UIInterfaceOrientationLandscapeLeft UIInterfaceOrientationLandscapeRight";
				INFOPLIST_KEY_UISupportedInterfaceOrientations_iPhone = "UIInterfaceOrientationPortrait UIInterfaceOrientationLandscapeLeft UIInterfaceOrientationLandscapeRight";
				LD_RUNPATH_SEARCH_PATHS = (
					"$(inherited)",
					"@executable_path/Frameworks",
				);
				MARKETING_VERSION = 1.0;
				PRODUCT_BUNDLE_IDENTIFIER = "florencio.gallegos-enhanceIT.net.CAProject";
				PRODUCT_NAME = "$(TARGET_NAME)";
				SWIFT_EMIT_LOC_STRINGS = YES;
				SWIFT_VERSION = 5.0;
				TARGETED_DEVICE_FAMILY = "1,2";
			};
			name = Release;
		};
		5E0E287D2C7CF24E003A5160 /* Debug */ = {
			isa = XCBuildConfiguration;
			buildSettings = {
				ALWAYS_EMBED_SWIFT_STANDARD_LIBRARIES = YES;
				BUNDLE_LOADER = "$(TEST_HOST)";
				CODE_SIGN_STYLE = Automatic;
				CURRENT_PROJECT_VERSION = 1;
				GENERATE_INFOPLIST_FILE = YES;
				IPHONEOS_DEPLOYMENT_TARGET = 17.5;
				MARKETING_VERSION = 1.0;
				PRODUCT_BUNDLE_IDENTIFIER = "florencio.gallegos-enhanceIT.net.CAProjectTests";
				PRODUCT_NAME = "$(TARGET_NAME)";
				SWIFT_EMIT_LOC_STRINGS = NO;
				SWIFT_VERSION = 5.0;
				TARGETED_DEVICE_FAMILY = "1,2";
				TEST_HOST = "$(BUILT_PRODUCTS_DIR)/CAProject.app/$(BUNDLE_EXECUTABLE_FOLDER_PATH)/CAProject";
			};
			name = Debug;
		};
		5E0E287E2C7CF24E003A5160 /* Release */ = {
			isa = XCBuildConfiguration;
			buildSettings = {
				ALWAYS_EMBED_SWIFT_STANDARD_LIBRARIES = YES;
				BUNDLE_LOADER = "$(TEST_HOST)";
				CODE_SIGN_STYLE = Automatic;
				CURRENT_PROJECT_VERSION = 1;
				GENERATE_INFOPLIST_FILE = YES;
				IPHONEOS_DEPLOYMENT_TARGET = 17.5;
				MARKETING_VERSION = 1.0;
				PRODUCT_BUNDLE_IDENTIFIER = "florencio.gallegos-enhanceIT.net.CAProjectTests";
				PRODUCT_NAME = "$(TARGET_NAME)";
				SWIFT_EMIT_LOC_STRINGS = NO;
				SWIFT_VERSION = 5.0;
				TARGETED_DEVICE_FAMILY = "1,2";
				TEST_HOST = "$(BUILT_PRODUCTS_DIR)/CAProject.app/$(BUNDLE_EXECUTABLE_FOLDER_PATH)/CAProject";
			};
			name = Release;
		};
		5E0E28802C7CF24E003A5160 /* Debug */ = {
			isa = XCBuildConfiguration;
			buildSettings = {
				ALWAYS_EMBED_SWIFT_STANDARD_LIBRARIES = YES;
				CODE_SIGN_STYLE = Automatic;
				CURRENT_PROJECT_VERSION = 1;
				GENERATE_INFOPLIST_FILE = YES;
				MARKETING_VERSION = 1.0;
				PRODUCT_BUNDLE_IDENTIFIER = "florencio.gallegos-enhanceIT.net.CAProjectUITests";
				PRODUCT_NAME = "$(TARGET_NAME)";
				SWIFT_EMIT_LOC_STRINGS = NO;
				SWIFT_VERSION = 5.0;
				TARGETED_DEVICE_FAMILY = "1,2";
				TEST_TARGET_NAME = CAProject;
			};
			name = Debug;
		};
		5E0E28812C7CF24E003A5160 /* Release */ = {
			isa = XCBuildConfiguration;
			buildSettings = {
				ALWAYS_EMBED_SWIFT_STANDARD_LIBRARIES = YES;
				CODE_SIGN_STYLE = Automatic;
				CURRENT_PROJECT_VERSION = 1;
				GENERATE_INFOPLIST_FILE = YES;
				MARKETING_VERSION = 1.0;
				PRODUCT_BUNDLE_IDENTIFIER = "florencio.gallegos-enhanceIT.net.CAProjectUITests";
				PRODUCT_NAME = "$(TARGET_NAME)";
				SWIFT_EMIT_LOC_STRINGS = NO;
				SWIFT_VERSION = 5.0;
				TARGETED_DEVICE_FAMILY = "1,2";
				TEST_TARGET_NAME = CAProject;
			};
			name = Release;
		};
/* End XCBuildConfiguration section */

/* Begin XCConfigurationList section */
		5E0E28502C7CF24B003A5160 /* Build configuration list for PBXProject "CAProject" */ = {
			isa = XCConfigurationList;
			buildConfigurations = (
				5E0E28772C7CF24E003A5160 /* Debug */,
				5E0E28782C7CF24E003A5160 /* Release */,
			);
			defaultConfigurationIsVisible = 0;
			defaultConfigurationName = Release;
		};
		5E0E28792C7CF24E003A5160 /* Build configuration list for PBXNativeTarget "CAProject" */ = {
			isa = XCConfigurationList;
			buildConfigurations = (
				5E0E287A2C7CF24E003A5160 /* Debug */,
				5E0E287B2C7CF24E003A5160 /* Release */,
			);
			defaultConfigurationIsVisible = 0;
			defaultConfigurationName = Release;
		};
		5E0E287C2C7CF24E003A5160 /* Build configuration list for PBXNativeTarget "CAProjectTests" */ = {
			isa = XCConfigurationList;
			buildConfigurations = (
				5E0E287D2C7CF24E003A5160 /* Debug */,
				5E0E287E2C7CF24E003A5160 /* Release */,
			);
			defaultConfigurationIsVisible = 0;
			defaultConfigurationName = Release;
		};
		5E0E287F2C7CF24E003A5160 /* Build configuration list for PBXNativeTarget "CAProjectUITests" */ = {
			isa = XCConfigurationList;
			buildConfigurations = (
				5E0E28802C7CF24E003A5160 /* Debug */,
				5E0E28812C7CF24E003A5160 /* Release */,
			);
			defaultConfigurationIsVisible = 0;
			defaultConfigurationName = Release;
		};
/* End XCConfigurationList section */
	};
	rootObject = 5E0E284D2C7CF24B003A5160 /* Project object */;
}
